PODS:
  - AYPlayer (0.1.0):
    - AYPlayer/Core (= 0.1.0)
  - AYPlayer/Core (0.1.0)

DEPENDENCIES:
  - AYPlayer (from `.`)

EXTERNAL SOURCES:
  AYPlayer:
    :path: "."

SPEC CHECKSUMS:
  AYPlayer: 0a8dd279e08acced61eec9e413a898e3dcfee980

PODFILE CHECKSUM: 030459aee18318dbb0a74b91f1fef614b544d59a

COCOAPODS: 1.9.0
